// !$*UTF8*$!
{
	archiveVersion = 1;
	classes = {
	};
	objectVersion = 46;
	objects = {

/* Begin PBXBuildFile section */
		8DBDE4CCBAC1680C99A47580 /* Pods_TestKitchen.framework in Frameworks */ = {isa = PBXBuildFile; fileRef = 74E26A2AB2EBE6B3CCD36A26 /* Pods_TestKitchen.framework */; };
		DD1251701D62A85500159994 /* Const.swift in Sources */ = {isa = PBXBuildFile; fileRef = DD12516F1D62A85500159994 /* Const.swift */; };
		DD1251AC1D62B9BE00159994 /* nav_back_black.png in Resources */ = {isa = PBXBuildFile; fileRef = DD1251A41D62B9BE00159994 /* nav_back_black.png */; };
		DD1251AD1D62B9BE00159994 /* nav_back_white.png in Resources */ = {isa = PBXBuildFile; fileRef = DD1251A51D62B9BE00159994 /* nav_back_white.png */; };
		DD1251AE1D62B9BE00159994 /* navBar.png in Resources */ = {isa = PBXBuildFile; fileRef = DD1251A61D62B9BE00159994 /* navBar.png */; };
		DD1251AF1D62B9BE00159994 /* navBtn_bag.png in Resources */ = {isa = PBXBuildFile; fileRef = DD1251A71D62B9BE00159994 /* navBtn_bag.png */; };
		DD1251B01D62B9BE00159994 /* saoyisao@2x.png in Resources */ = {isa = PBXBuildFile; fileRef = DD1251A81D62B9BE00159994 /* saoyisao@2x.png */; };
		DD1251B11D62B9BE00159994 /* saoyisao@3x.png in Resources */ = {isa = PBXBuildFile; fileRef = DD1251A91D62B9BE00159994 /* saoyisao@3x.png */; };
		DD1251B21D62B9BE00159994 /* search@2x.png in Resources */ = {isa = PBXBuildFile; fileRef = DD1251AA1D62B9BE00159994 /* search@2x.png */; };
		DD1251B31D62B9BE00159994 /* search@3x.png in Resources */ = {isa = PBXBuildFile; fileRef = DD1251AB1D62B9BE00159994 /* search@3x.png */; };
		DD1251CD1D62BA0400159994 /* community_normal@2x.png in Resources */ = {isa = PBXBuildFile; fileRef = DD1251B51D62BA0400159994 /* community_normal@2x.png */; };
		DD1251CE1D62BA0400159994 /* community_normal@3x.png in Resources */ = {isa = PBXBuildFile; fileRef = DD1251B61D62BA0400159994 /* community_normal@3x.png */; };
		DD1251CF1D62BA0400159994 /* community_select@2x.png in Resources */ = {isa = PBXBuildFile; fileRef = DD1251B71D62BA0400159994 /* community_select@2x.png */; };
		DD1251D01D62BA0400159994 /* community_select@3x.png in Resources */ = {isa = PBXBuildFile; fileRef = DD1251B81D62BA0400159994 /* community_select@3x.png */; };
		DD1251D11D62BA0400159994 /* home_normal@2x.png in Resources */ = {isa = PBXBuildFile; fileRef = DD1251B91D62BA0400159994 /* home_normal@2x.png */; };
		DD1251D21D62BA0400159994 /* home_normal@3x.png in Resources */ = {isa = PBXBuildFile; fileRef = DD1251BA1D62BA0400159994 /* home_normal@3x.png */; };
		DD1251D31D62BA0400159994 /* home_select@2x.png in Resources */ = {isa = PBXBuildFile; fileRef = DD1251BB1D62BA0400159994 /* home_select@2x.png */; };
		DD1251D41D62BA0400159994 /* home_select@3x.png in Resources */ = {isa = PBXBuildFile; fileRef = DD1251BC1D62BA0400159994 /* home_select@3x.png */; };
		DD1251D51D62BA0400159994 /* mine_normal@2x.png in Resources */ = {isa = PBXBuildFile; fileRef = DD1251BD1D62BA0400159994 /* mine_normal@2x.png */; };
		DD1251D61D62BA0400159994 /* mine_normal@3x.png in Resources */ = {isa = PBXBuildFile; fileRef = DD1251BE1D62BA0400159994 /* mine_normal@3x.png */; };
		DD1251D71D62BA0400159994 /* mine_select@2x.png in Resources */ = {isa = PBXBuildFile; fileRef = DD1251BF1D62BA0400159994 /* mine_select@2x.png */; };
		DD1251D81D62BA0400159994 /* mine_select@3x.png in Resources */ = {isa = PBXBuildFile; fileRef = DD1251C01D62BA0400159994 /* mine_select@3x.png */; };
		DD1251D91D62BA0400159994 /* report_normal@2x.png in Resources */ = {isa = PBXBuildFile; fileRef = DD1251C11D62BA0400159994 /* report_normal@2x.png */; };
		DD1251DA1D62BA0400159994 /* report_normal@3x.png in Resources */ = {isa = PBXBuildFile; fileRef = DD1251C21D62BA0400159994 /* report_normal@3x.png */; };
		DD1251DB1D62BA0400159994 /* report_select@2x.png in Resources */ = {isa = PBXBuildFile; fileRef = DD1251C31D62BA0400159994 /* report_select@2x.png */; };
		DD1251DC1D62BA0400159994 /* report_select@3x.png in Resources */ = {isa = PBXBuildFile; fileRef = DD1251C41D62BA0400159994 /* report_select@3x.png */; };
		DD1251DD1D62BA0400159994 /* shike_normal@2x.png in Resources */ = {isa = PBXBuildFile; fileRef = DD1251C51D62BA0400159994 /* shike_normal@2x.png */; };
		DD1251DE1D62BA0400159994 /* shike_normal@3x.png in Resources */ = {isa = PBXBuildFile; fileRef = DD1251C61D62BA0400159994 /* shike_normal@3x.png */; };
		DD1251DF1D62BA0400159994 /* shike_select@2x.png in Resources */ = {isa = PBXBuildFile; fileRef = DD1251C71D62BA0400159994 /* shike_select@2x.png */; };
		DD1251E01D62BA0400159994 /* shike_select@3x.png in Resources */ = {isa = PBXBuildFile; fileRef = DD1251C81D62BA0400159994 /* shike_select@3x.png */; };
		DD1251E11D62BA0400159994 /* shop_normal@2x.png in Resources */ = {isa = PBXBuildFile; fileRef = DD1251C91D62BA0400159994 /* shop_normal@2x.png */; };
		DD1251E21D62BA0400159994 /* shop_normal@3x.png in Resources */ = {isa = PBXBuildFile; fileRef = DD1251CA1D62BA0400159994 /* shop_normal@3x.png */; };
		DD1251E31D62BA0400159994 /* shop_select@2x.png in Resources */ = {isa = PBXBuildFile; fileRef = DD1251CB1D62BA0400159994 /* shop_select@2x.png */; };
		DD1251E41D62BA0400159994 /* shop_select@3x.png in Resources */ = {isa = PBXBuildFile; fileRef = DD1251CC1D62BA0400159994 /* shop_select@3x.png */; };
		DD1251E61D62BD7C00159994 /* KTCDownloader.swift in Sources */ = {isa = PBXBuildFile; fileRef = DD1251E51D62BD7C00159994 /* KTCDownloader.swift */; };
		DD1251ED1D62C65500159994 /* CBRecommendModel.swift in Sources */ = {isa = PBXBuildFile; fileRef = DD1251EC1D62C65500159994 /* CBRecommendModel.swift */; };
		DD43CD671D61732200F68554 /* UIView+Util.swift in Sources */ = {isa = PBXBuildFile; fileRef = DD43CD661D61732200F68554 /* UIView+Util.swift */; };
		DD43CD691D6173C900F68554 /* UILabel+Util.swift in Sources */ = {isa = PBXBuildFile; fileRef = DD43CD681D6173C900F68554 /* UILabel+Util.swift */; };
		DD43CD6B1D61751F00F68554 /* UIButton+Util.swift in Sources */ = {isa = PBXBuildFile; fileRef = DD43CD6A1D61751F00F68554 /* UIButton+Util.swift */; };
		DDA343F91D6151B300F37F4B /* AppDelegate.swift in Sources */ = {isa = PBXBuildFile; fileRef = DDA343F81D6151B300F37F4B /* AppDelegate.swift */; };
		DDA343FB1D6151B300F37F4B /* ViewController.swift in Sources */ = {isa = PBXBuildFile; fileRef = DDA343FA1D6151B300F37F4B /* ViewController.swift */; };
		DDA343FE1D6151B300F37F4B /* Main.storyboard in Resources */ = {isa = PBXBuildFile; fileRef = DDA343FC1D6151B300F37F4B /* Main.storyboard */; };
		DDA344001D6151B300F37F4B /* Assets.xcassets in Resources */ = {isa = PBXBuildFile; fileRef = DDA343FF1D6151B300F37F4B /* Assets.xcassets */; };
		DDA344031D6151B300F37F4B /* LaunchScreen.storyboard in Resources */ = {isa = PBXBuildFile; fileRef = DDA344011D6151B300F37F4B /* LaunchScreen.storyboard */; };
		DDA3440E1D6151B300F37F4B /* TestKitchenTests.swift in Sources */ = {isa = PBXBuildFile; fileRef = DDA3440D1D6151B300F37F4B /* TestKitchenTests.swift */; };
		DDA344191D6151B300F37F4B /* TestKitchenUITests.swift in Sources */ = {isa = PBXBuildFile; fileRef = DDA344181D6151B300F37F4B /* TestKitchenUITests.swift */; };
		DDA3444A1D6154CF00F37F4B /* AppIcon29x29@2x.png in Resources */ = {isa = PBXBuildFile; fileRef = DDA344441D6154CF00F37F4B /* AppIcon29x29@2x.png */; };
		DDA3444B1D6154CF00F37F4B /* AppIcon29x29@3x.png in Resources */ = {isa = PBXBuildFile; fileRef = DDA344451D6154CF00F37F4B /* AppIcon29x29@3x.png */; };
		DDA3444C1D6154CF00F37F4B /* AppIcon40x40@2x.png in Resources */ = {isa = PBXBuildFile; fileRef = DDA344461D6154CF00F37F4B /* AppIcon40x40@2x.png */; };
		DDA3444D1D6154CF00F37F4B /* AppIcon40x40@3x.png in Resources */ = {isa = PBXBuildFile; fileRef = DDA344471D6154CF00F37F4B /* AppIcon40x40@3x.png */; };
		DDA3444E1D6154CF00F37F4B /* AppIcon60x60@2x.png in Resources */ = {isa = PBXBuildFile; fileRef = DDA344481D6154CF00F37F4B /* AppIcon60x60@2x.png */; };
		DDA3444F1D6154CF00F37F4B /* AppIcon60x60@3x.png in Resources */ = {isa = PBXBuildFile; fileRef = DDA344491D6154CF00F37F4B /* AppIcon60x60@3x.png */; };
		DDA344611D61564800F37F4B /* LaunchImage-700-568h@2x.png in Resources */ = {isa = PBXBuildFile; fileRef = DDA3445C1D61564800F37F4B /* LaunchImage-700-568h@2x.png */; };
		DDA344621D61564800F37F4B /* LaunchImage-700@2x.png in Resources */ = {isa = PBXBuildFile; fileRef = DDA3445D1D61564800F37F4B /* LaunchImage-700@2x.png */; };
		DDA344631D61564800F37F4B /* LaunchImage-800-667h@2x.png in Resources */ = {isa = PBXBuildFile; fileRef = DDA3445E1D61564800F37F4B /* LaunchImage-800-667h@2x.png */; };
		DDA344641D61564800F37F4B /* LaunchImage-800-Landscape-736h@3x.png in Resources */ = {isa = PBXBuildFile; fileRef = DDA3445F1D61564800F37F4B /* LaunchImage-800-Landscape-736h@3x.png */; };
		DDA344651D61564800F37F4B /* LaunchImage-800-Portrait-736h@3x.png in Resources */ = {isa = PBXBuildFile; fileRef = DDA344601D61564800F37F4B /* LaunchImage-800-Portrait-736h@3x.png */; };
		DDA344671D615A6F00F37F4B /* MainTabBarController.swift in Sources */ = {isa = PBXBuildFile; fileRef = DDA344661D615A6F00F37F4B /* MainTabBarController.swift */; };
		DDA344691D615ABC00F37F4B /* BaseViewController.swift in Sources */ = {isa = PBXBuildFile; fileRef = DDA344681D615ABC00F37F4B /* BaseViewController.swift */; };
		DDA3446B1D615B0500F37F4B /* CookbookViewController.swift in Sources */ = {isa = PBXBuildFile; fileRef = DDA3446A1D615B0500F37F4B /* CookbookViewController.swift */; };
		DDA3446D1D615B4300F37F4B /* CommunityViewController.swift in Sources */ = {isa = PBXBuildFile; fileRef = DDA3446C1D615B4300F37F4B /* CommunityViewController.swift */; };
		DDA3446F1D615B5300F37F4B /* MallViewController.swift in Sources */ = {isa = PBXBuildFile; fileRef = DDA3446E1D615B5300F37F4B /* MallViewController.swift */; };
		DDA344711D615B6A00F37F4B /* FoodClassViewController.swift in Sources */ = {isa = PBXBuildFile; fileRef = DDA344701D615B6A00F37F4B /* FoodClassViewController.swift */; };
		DDA344731D615B8300F37F4B /* ProfileViewController.swift in Sources */ = {isa = PBXBuildFile; fileRef = DDA344721D615B8300F37F4B /* ProfileViewController.swift */; };
		DDA344751D61642100F37F4B /* Ctrl.json in Resources */ = {isa = PBXBuildFile; fileRef = DDA344741D61642100F37F4B /* Ctrl.json */; };
		DDCD3AC01D66943D00749E45 /* CBRecommendNewCell.swift in Sources */ = {isa = PBXBuildFile; fileRef = DDCD3ABE1D66943D00749E45 /* CBRecommendNewCell.swift */; };
		DDCD3AC11D66943D00749E45 /* CBRecommendNewCell.xib in Resources */ = {isa = PBXBuildFile; fileRef = DDCD3ABF1D66943D00749E45 /* CBRecommendNewCell.xib */; };
		DDCD3AC61D66995E00749E45 /* play-A@2x.png in Resources */ = {isa = PBXBuildFile; fileRef = DDCD3AC41D66995E00749E45 /* play-A@2x.png */; };
		DDCD3AC71D66995E00749E45 /* play-A@3x.png in Resources */ = {isa = PBXBuildFile; fileRef = DDCD3AC51D66995E00749E45 /* play-A@3x.png */; };
		DDCD3AC91D66AAF700749E45 /* CBHeadView.swift in Sources */ = {isa = PBXBuildFile; fileRef = DDCD3AC81D66AAF700749E45 /* CBHeadView.swift */; };
		DDCD3ACB1D66ADDA00749E45 /* more_icon.png in Resources */ = {isa = PBXBuildFile; fileRef = DDCD3ACA1D66ADDA00749E45 /* more_icon.png */; };
		DDCD3ACE1D66B15D00749E45 /* CBSpecialCell.swift in Sources */ = {isa = PBXBuildFile; fileRef = DDCD3ACC1D66B15D00749E45 /* CBSpecialCell.swift */; };
		DDCD3ACF1D66B15D00749E45 /* CBSpecialCell.xib in Resources */ = {isa = PBXBuildFile; fileRef = DDCD3ACD1D66B15D00749E45 /* CBSpecialCell.xib */; };
		DDF9425D1D63FBA400EFA3E2 /* CBRecommendView.swift in Sources */ = {isa = PBXBuildFile; fileRef = DDF9425C1D63FBA400EFA3E2 /* CBRecommendView.swift */; };
		DDF942601D63FF3600EFA3E2 /* CBRecommendADCell.swift in Sources */ = {isa = PBXBuildFile; fileRef = DDF9425E1D63FF3600EFA3E2 /* CBRecommendADCell.swift */; };
		DDF942611D63FF3600EFA3E2 /* CBRecommendADCell.xib in Resources */ = {isa = PBXBuildFile; fileRef = DDF9425F1D63FF3600EFA3E2 /* CBRecommendADCell.xib */; };
		DDF942631D6407FD00EFA3E2 /* UIImageView+Utill.swift in Sources */ = {isa = PBXBuildFile; fileRef = DDF942621D6407FD00EFA3E2 /* UIImageView+Utill.swift */; };
		DDF942661D640A1B00EFA3E2 /* sdefaultImage.png in Resources */ = {isa = PBXBuildFile; fileRef = DDF942651D640A1B00EFA3E2 /* sdefaultImage.png */; };
		DDF942691D64175300EFA3E2 /* CBRecommendLikeCell.swift in Sources */ = {isa = PBXBuildFile; fileRef = DDF942671D64175300EFA3E2 /* CBRecommendLikeCell.swift */; };
		DDF9426A1D64175300EFA3E2 /* CBRecommendLikeCell.xib in Resources */ = {isa = PBXBuildFile; fileRef = DDF942681D64175300EFA3E2 /* CBRecommendLikeCell.xib */; };
		DDFEB2A51D654B990082B0E6 /* Util.swift in Sources */ = {isa = PBXBuildFile; fileRef = DDFEB2A41D654B990082B0E6 /* Util.swift */; };
		DDFEB2A71D655ADD0082B0E6 /* CBSearchHeaderView.swift in Sources */ = {isa = PBXBuildFile; fileRef = DDFEB2A61D655ADD0082B0E6 /* CBSearchHeaderView.swift */; };
		DDFEB2A91D6561CE0082B0E6 /* search1.png in Resources */ = {isa = PBXBuildFile; fileRef = DDFEB2A81D6561CE0082B0E6 /* search1.png */; };
		DDFEB2AC1D6563130082B0E6 /* CBRedPacketCell.swift in Sources */ = {isa = PBXBuildFile; fileRef = DDFEB2AA1D6563130082B0E6 /* CBRedPacketCell.swift */; };
		DDFEB2AD1D6563130082B0E6 /* CBRedPacketCell.xib in Resources */ = {isa = PBXBuildFile; fileRef = DDFEB2AB1D6563130082B0E6 /* CBRedPacketCell.xib */; };
/* End PBXBuildFile section */

/* Begin PBXContainerItemProxy section */
		DDA3440A1D6151B300F37F4B /* PBXContainerItemProxy */ = {
			isa = PBXContainerItemProxy;
			containerPortal = DDA343ED1D6151B300F37F4B /* Project object */;
			proxyType = 1;
			remoteGlobalIDString = DDA343F41D6151B300F37F4B;
			remoteInfo = TestKitchen;
		};
		DDA344151D6151B300F37F4B /* PBXContainerItemProxy */ = {
			isa = PBXContainerItemProxy;
			containerPortal = DDA343ED1D6151B300F37F4B /* Project object */;
			proxyType = 1;
			remoteGlobalIDString = DDA343F41D6151B300F37F4B;
			remoteInfo = TestKitchen;
		};
/* End PBXContainerItemProxy section */

/* Begin PBXFileReference section */
		4F08351057C15878560168E2 /* Pods-TestKitchen.debug.xcconfig */ = {isa = PBXFileReference; includeInIndex = 1; lastKnownFileType = text.xcconfig; name = "Pods-TestKitchen.debug.xcconfig"; path = "Pods/Target Support Files/Pods-TestKitchen/Pods-TestKitchen.debug.xcconfig"; sourceTree = "<group>"; };
		74E26A2AB2EBE6B3CCD36A26 /* Pods_TestKitchen.framework */ = {isa = PBXFileReference; explicitFileType = wrapper.framework; includeInIndex = 0; path = Pods_TestKitchen.framework; sourceTree = BUILT_PRODUCTS_DIR; };
		860521ED5031170EC802D83A /* Pods-TestKitchen.release.xcconfig */ = {isa = PBXFileReference; includeInIndex = 1; lastKnownFileType = text.xcconfig; name = "Pods-TestKitchen.release.xcconfig"; path = "Pods/Target Support Files/Pods-TestKitchen/Pods-TestKitchen.release.xcconfig"; sourceTree = "<group>"; };
		DD12516F1D62A85500159994 /* Const.swift */ = {isa = PBXFileReference; fileEncoding = 4; lastKnownFileType = sourcecode.swift; path = Const.swift; sourceTree = "<group>"; };
		DD1251A41D62B9BE00159994 /* nav_back_black.png */ = {isa = PBXFileReference; lastKnownFileType = image.png; path = nav_back_black.png; sourceTree = "<group>"; };
		DD1251A51D62B9BE00159994 /* nav_back_white.png */ = {isa = PBXFileReference; lastKnownFileType = image.png; path = nav_back_white.png; sourceTree = "<group>"; };
		DD1251A61D62B9BE00159994 /* navBar.png */ = {isa = PBXFileReference; lastKnownFileType = image.png; path = navBar.png; sourceTree = "<group>"; };
		DD1251A71D62B9BE00159994 /* navBtn_bag.png */ = {isa = PBXFileReference; lastKnownFileType = image.png; path = navBtn_bag.png; sourceTree = "<group>"; };
		DD1251A81D62B9BE00159994 /* saoyisao@2x.png */ = {isa = PBXFileReference; lastKnownFileType = image.png; path = "saoyisao@2x.png"; sourceTree = "<group>"; };
		DD1251A91D62B9BE00159994 /* saoyisao@3x.png */ = {isa = PBXFileReference; lastKnownFileType = image.png; path = "saoyisao@3x.png"; sourceTree = "<group>"; };
		DD1251AA1D62B9BE00159994 /* search@2x.png */ = {isa = PBXFileReference; lastKnownFileType = image.png; path = "search@2x.png"; sourceTree = "<group>"; };
		DD1251AB1D62B9BE00159994 /* search@3x.png */ = {isa = PBXFileReference; lastKnownFileType = image.png; path = "search@3x.png"; sourceTree = "<group>"; };
		DD1251B51D62BA0400159994 /* community_normal@2x.png */ = {isa = PBXFileReference; lastKnownFileType = image.png; path = "community_normal@2x.png"; sourceTree = "<group>"; };
		DD1251B61D62BA0400159994 /* community_normal@3x.png */ = {isa = PBXFileReference; lastKnownFileType = image.png; path = "community_normal@3x.png"; sourceTree = "<group>"; };
		DD1251B71D62BA0400159994 /* community_select@2x.png */ = {isa = PBXFileReference; lastKnownFileType = image.png; path = "community_select@2x.png"; sourceTree = "<group>"; };
		DD1251B81D62BA0400159994 /* community_select@3x.png */ = {isa = PBXFileReference; lastKnownFileType = image.png; path = "community_select@3x.png"; sourceTree = "<group>"; };
		DD1251B91D62BA0400159994 /* home_normal@2x.png */ = {isa = PBXFileReference; lastKnownFileType = image.png; path = "home_normal@2x.png"; sourceTree = "<group>"; };
		DD1251BA1D62BA0400159994 /* home_normal@3x.png */ = {isa = PBXFileReference; lastKnownFileType = image.png; path = "home_normal@3x.png"; sourceTree = "<group>"; };
		DD1251BB1D62BA0400159994 /* home_select@2x.png */ = {isa = PBXFileReference; lastKnownFileType = image.png; path = "home_select@2x.png"; sourceTree = "<group>"; };
		DD1251BC1D62BA0400159994 /* home_select@3x.png */ = {isa = PBXFileReference; lastKnownFileType = image.png; path = "home_select@3x.png"; sourceTree = "<group>"; };
		DD1251BD1D62BA0400159994 /* mine_normal@2x.png */ = {isa = PBXFileReference; lastKnownFileType = image.png; path = "mine_normal@2x.png"; sourceTree = "<group>"; };
		DD1251BE1D62BA0400159994 /* mine_normal@3x.png */ = {isa = PBXFileReference; lastKnownFileType = image.png; path = "mine_normal@3x.png"; sourceTree = "<group>"; };
		DD1251BF1D62BA0400159994 /* mine_select@2x.png */ = {isa = PBXFileReference; lastKnownFileType = image.png; path = "mine_select@2x.png"; sourceTree = "<group>"; };
		DD1251C01D62BA0400159994 /* mine_select@3x.png */ = {isa = PBXFileReference; lastKnownFileType = image.png; path = "mine_select@3x.png"; sourceTree = "<group>"; };
		DD1251C11D62BA0400159994 /* report_normal@2x.png */ = {isa = PBXFileReference; lastKnownFileType = image.png; path = "report_normal@2x.png"; sourceTree = "<group>"; };
		DD1251C21D62BA0400159994 /* report_normal@3x.png */ = {isa = PBXFileReference; lastKnownFileType = image.png; path = "report_normal@3x.png"; sourceTree = "<group>"; };
		DD1251C31D62BA0400159994 /* report_select@2x.png */ = {isa = PBXFileReference; lastKnownFileType = image.png; path = "report_select@2x.png"; sourceTree = "<group>"; };
		DD1251C41D62BA0400159994 /* report_select@3x.png */ = {isa = PBXFileReference; lastKnownFileType = image.png; path = "report_select@3x.png"; sourceTree = "<group>"; };
		DD1251C51D62BA0400159994 /* shike_normal@2x.png */ = {isa = PBXFileReference; lastKnownFileType = image.png; path = "shike_normal@2x.png"; sourceTree = "<group>"; };
		DD1251C61D62BA0400159994 /* shike_normal@3x.png */ = {isa = PBXFileReference; lastKnownFileType = image.png; path = "shike_normal@3x.png"; sourceTree = "<group>"; };
		DD1251C71D62BA0400159994 /* shike_select@2x.png */ = {isa = PBXFileReference; lastKnownFileType = image.png; path = "shike_select@2x.png"; sourceTree = "<group>"; };
		DD1251C81D62BA0400159994 /* shike_select@3x.png */ = {isa = PBXFileReference; lastKnownFileType = image.png; path = "shike_select@3x.png"; sourceTree = "<group>"; };
		DD1251C91D62BA0400159994 /* shop_normal@2x.png */ = {isa = PBXFileReference; lastKnownFileType = image.png; path = "shop_normal@2x.png"; sourceTree = "<group>"; };
		DD1251CA1D62BA0400159994 /* shop_normal@3x.png */ = {isa = PBXFileReference; lastKnownFileType = image.png; path = "shop_normal@3x.png"; sourceTree = "<group>"; };
		DD1251CB1D62BA0400159994 /* shop_select@2x.png */ = {isa = PBXFileReference; lastKnownFileType = image.png; path = "shop_select@2x.png"; sourceTree = "<group>"; };
		DD1251CC1D62BA0400159994 /* shop_select@3x.png */ = {isa = PBXFileReference; lastKnownFileType = image.png; path = "shop_select@3x.png"; sourceTree = "<group>"; };
		DD1251E51D62BD7C00159994 /* KTCDownloader.swift */ = {isa = PBXFileReference; fileEncoding = 4; lastKnownFileType = sourcecode.swift; path = KTCDownloader.swift; sourceTree = "<group>"; };
		DD1251EC1D62C65500159994 /* CBRecommendModel.swift */ = {isa = PBXFileReference; fileEncoding = 4; lastKnownFileType = sourcecode.swift; path = CBRecommendModel.swift; sourceTree = "<group>"; };
		DD43CD661D61732200F68554 /* UIView+Util.swift */ = {isa = PBXFileReference; fileEncoding = 4; lastKnownFileType = sourcecode.swift; path = "UIView+Util.swift"; sourceTree = "<group>"; };
		DD43CD681D6173C900F68554 /* UILabel+Util.swift */ = {isa = PBXFileReference; fileEncoding = 4; lastKnownFileType = sourcecode.swift; path = "UILabel+Util.swift"; sourceTree = "<group>"; };
		DD43CD6A1D61751F00F68554 /* UIButton+Util.swift */ = {isa = PBXFileReference; fileEncoding = 4; lastKnownFileType = sourcecode.swift; path = "UIButton+Util.swift"; sourceTree = "<group>"; };
		DDA343F51D6151B300F37F4B /* TestKitchen.app */ = {isa = PBXFileReference; explicitFileType = wrapper.application; includeInIndex = 0; path = TestKitchen.app; sourceTree = BUILT_PRODUCTS_DIR; };
		DDA343F81D6151B300F37F4B /* AppDelegate.swift */ = {isa = PBXFileReference; lastKnownFileType = sourcecode.swift; path = AppDelegate.swift; sourceTree = "<group>"; };
		DDA343FA1D6151B300F37F4B /* ViewController.swift */ = {isa = PBXFileReference; lastKnownFileType = sourcecode.swift; path = ViewController.swift; sourceTree = "<group>"; };
		DDA343FD1D6151B300F37F4B /* Base */ = {isa = PBXFileReference; lastKnownFileType = file.storyboard; name = Base; path = Base.lproj/Main.storyboard; sourceTree = "<group>"; };
		DDA343FF1D6151B300F37F4B /* Assets.xcassets */ = {isa = PBXFileReference; lastKnownFileType = folder.assetcatalog; path = Assets.xcassets; sourceTree = "<group>"; };
		DDA344021D6151B300F37F4B /* Base */ = {isa = PBXFileReference; lastKnownFileType = file.storyboard; name = Base; path = Base.lproj/LaunchScreen.storyboard; sourceTree = "<group>"; };
		DDA344041D6151B300F37F4B /* Info.plist */ = {isa = PBXFileReference; lastKnownFileType = text.plist.xml; path = Info.plist; sourceTree = "<group>"; };
		DDA344091D6151B300F37F4B /* TestKitchenTests.xctest */ = {isa = PBXFileReference; explicitFileType = wrapper.cfbundle; includeInIndex = 0; path = TestKitchenTests.xctest; sourceTree = BUILT_PRODUCTS_DIR; };
		DDA3440D1D6151B300F37F4B /* TestKitchenTests.swift */ = {isa = PBXFileReference; lastKnownFileType = sourcecode.swift; path = TestKitchenTests.swift; sourceTree = "<group>"; };
		DDA3440F1D6151B300F37F4B /* Info.plist */ = {isa = PBXFileReference; lastKnownFileType = text.plist.xml; path = Info.plist; sourceTree = "<group>"; };
		DDA344141D6151B300F37F4B /* TestKitchenUITests.xctest */ = {isa = PBXFileReference; explicitFileType = wrapper.cfbundle; includeInIndex = 0; path = TestKitchenUITests.xctest; sourceTree = BUILT_PRODUCTS_DIR; };
		DDA344181D6151B300F37F4B /* TestKitchenUITests.swift */ = {isa = PBXFileReference; lastKnownFileType = sourcecode.swift; path = TestKitchenUITests.swift; sourceTree = "<group>"; };
		DDA3441A1D6151B300F37F4B /* Info.plist */ = {isa = PBXFileReference; lastKnownFileType = text.plist.xml; path = Info.plist; sourceTree = "<group>"; };
		DDA344441D6154CF00F37F4B /* AppIcon29x29@2x.png */ = {isa = PBXFileReference; lastKnownFileType = image.png; path = "AppIcon29x29@2x.png"; sourceTree = "<group>"; };
		DDA344451D6154CF00F37F4B /* AppIcon29x29@3x.png */ = {isa = PBXFileReference; lastKnownFileType = image.png; path = "AppIcon29x29@3x.png"; sourceTree = "<group>"; };
		DDA344461D6154CF00F37F4B /* AppIcon40x40@2x.png */ = {isa = PBXFileReference; lastKnownFileType = image.png; path = "AppIcon40x40@2x.png"; sourceTree = "<group>"; };
		DDA344471D6154CF00F37F4B /* AppIcon40x40@3x.png */ = {isa = PBXFileReference; lastKnownFileType = image.png; path = "AppIcon40x40@3x.png"; sourceTree = "<group>"; };
		DDA344481D6154CF00F37F4B /* AppIcon60x60@2x.png */ = {isa = PBXFileReference; lastKnownFileType = image.png; path = "AppIcon60x60@2x.png"; sourceTree = "<group>"; };
		DDA344491D6154CF00F37F4B /* AppIcon60x60@3x.png */ = {isa = PBXFileReference; lastKnownFileType = image.png; path = "AppIcon60x60@3x.png"; sourceTree = "<group>"; };
		DDA3445C1D61564800F37F4B /* LaunchImage-700-568h@2x.png */ = {isa = PBXFileReference; lastKnownFileType = image.png; path = "LaunchImage-700-568h@2x.png"; sourceTree = "<group>"; };
		DDA3445D1D61564800F37F4B /* LaunchImage-700@2x.png */ = {isa = PBXFileReference; lastKnownFileType = image.png; path = "LaunchImage-700@2x.png"; sourceTree = "<group>"; };
		DDA3445E1D61564800F37F4B /* LaunchImage-800-667h@2x.png */ = {isa = PBXFileReference; lastKnownFileType = image.png; path = "LaunchImage-800-667h@2x.png"; sourceTree = "<group>"; };
		DDA3445F1D61564800F37F4B /* LaunchImage-800-Landscape-736h@3x.png */ = {isa = PBXFileReference; lastKnownFileType = image.png; path = "LaunchImage-800-Landscape-736h@3x.png"; sourceTree = "<group>"; };
		DDA344601D61564800F37F4B /* LaunchImage-800-Portrait-736h@3x.png */ = {isa = PBXFileReference; lastKnownFileType = image.png; path = "LaunchImage-800-Portrait-736h@3x.png"; sourceTree = "<group>"; };
		DDA344661D615A6F00F37F4B /* MainTabBarController.swift */ = {isa = PBXFileReference; fileEncoding = 4; lastKnownFileType = sourcecode.swift; path = MainTabBarController.swift; sourceTree = "<group>"; };
		DDA344681D615ABC00F37F4B /* BaseViewController.swift */ = {isa = PBXFileReference; fileEncoding = 4; lastKnownFileType = sourcecode.swift; path = BaseViewController.swift; sourceTree = "<group>"; };
		DDA3446A1D615B0500F37F4B /* CookbookViewController.swift */ = {isa = PBXFileReference; fileEncoding = 4; lastKnownFileType = sourcecode.swift; path = CookbookViewController.swift; sourceTree = "<group>"; };
		DDA3446C1D615B4300F37F4B /* CommunityViewController.swift */ = {isa = PBXFileReference; fileEncoding = 4; lastKnownFileType = sourcecode.swift; path = CommunityViewController.swift; sourceTree = "<group>"; };
		DDA3446E1D615B5300F37F4B /* MallViewController.swift */ = {isa = PBXFileReference; fileEncoding = 4; lastKnownFileType = sourcecode.swift; path = MallViewController.swift; sourceTree = "<group>"; };
		DDA344701D615B6A00F37F4B /* FoodClassViewController.swift */ = {isa = PBXFileReference; fileEncoding = 4; lastKnownFileType = sourcecode.swift; path = FoodClassViewController.swift; sourceTree = "<group>"; };
		DDA344721D615B8300F37F4B /* ProfileViewController.swift */ = {isa = PBXFileReference; fileEncoding = 4; lastKnownFileType = sourcecode.swift; path = ProfileViewController.swift; sourceTree = "<group>"; };
		DDA344741D61642100F37F4B /* Ctrl.json */ = {isa = PBXFileReference; fileEncoding = 4; lastKnownFileType = text.json; path = Ctrl.json; sourceTree = "<group>"; };
		DDCD3ABE1D66943D00749E45 /* CBRecommendNewCell.swift */ = {isa = PBXFileReference; fileEncoding = 4; lastKnownFileType = sourcecode.swift; path = CBRecommendNewCell.swift; sourceTree = "<group>"; };
		DDCD3ABF1D66943D00749E45 /* CBRecommendNewCell.xib */ = {isa = PBXFileReference; fileEncoding = 4; lastKnownFileType = file.xib; path = CBRecommendNewCell.xib; sourceTree = "<group>"; };
		DDCD3AC41D66995E00749E45 /* play-A@2x.png */ = {isa = PBXFileReference; lastKnownFileType = image.png; path = "play-A@2x.png"; sourceTree = "<group>"; };
		DDCD3AC51D66995E00749E45 /* play-A@3x.png */ = {isa = PBXFileReference; lastKnownFileType = image.png; path = "play-A@3x.png"; sourceTree = "<group>"; };
		DDCD3AC81D66AAF700749E45 /* CBHeadView.swift */ = {isa = PBXFileReference; fileEncoding = 4; lastKnownFileType = sourcecode.swift; path = CBHeadView.swift; sourceTree = "<group>"; };
		DDCD3ACA1D66ADDA00749E45 /* more_icon.png */ = {isa = PBXFileReference; lastKnownFileType = image.png; path = more_icon.png; sourceTree = "<group>"; };
		DDCD3ACC1D66B15D00749E45 /* CBSpecialCell.swift */ = {isa = PBXFileReference; fileEncoding = 4; lastKnownFileType = sourcecode.swift; path = CBSpecialCell.swift; sourceTree = "<group>"; };
		DDCD3ACD1D66B15D00749E45 /* CBSpecialCell.xib */ = {isa = PBXFileReference; fileEncoding = 4; lastKnownFileType = file.xib; path = CBSpecialCell.xib; sourceTree = "<group>"; };
		DDF9425C1D63FBA400EFA3E2 /* CBRecommendView.swift */ = {isa = PBXFileReference; fileEncoding = 4; lastKnownFileType = sourcecode.swift; path = CBRecommendView.swift; sourceTree = "<group>"; };
		DDF9425E1D63FF3600EFA3E2 /* CBRecommendADCell.swift */ = {isa = PBXFileReference; fileEncoding = 4; lastKnownFileType = sourcecode.swift; path = CBRecommendADCell.swift; sourceTree = "<group>"; };
		DDF9425F1D63FF3600EFA3E2 /* CBRecommendADCell.xib */ = {isa = PBXFileReference; fileEncoding = 4; lastKnownFileType = file.xib; path = CBRecommendADCell.xib; sourceTree = "<group>"; };
		DDF942621D6407FD00EFA3E2 /* UIImageView+Utill.swift */ = {isa = PBXFileReference; fileEncoding = 4; lastKnownFileType = sourcecode.swift; path = "UIImageView+Utill.swift"; sourceTree = "<group>"; };
		DDF942651D640A1B00EFA3E2 /* sdefaultImage.png */ = {isa = PBXFileReference; lastKnownFileType = image.png; path = sdefaultImage.png; sourceTree = "<group>"; };
		DDF942671D64175300EFA3E2 /* CBRecommendLikeCell.swift */ = {isa = PBXFileReference; fileEncoding = 4; lastKnownFileType = sourcecode.swift; path = CBRecommendLikeCell.swift; sourceTree = "<group>"; };
		DDF942681D64175300EFA3E2 /* CBRecommendLikeCell.xib */ = {isa = PBXFileReference; fileEncoding = 4; lastKnownFileType = file.xib; path = CBRecommendLikeCell.xib; sourceTree = "<group>"; };
		DDFEB2A41D654B990082B0E6 /* Util.swift */ = {isa = PBXFileReference; fileEncoding = 4; lastKnownFileType = sourcecode.swift; path = Util.swift; sourceTree = "<group>"; };
		DDFEB2A61D655ADD0082B0E6 /* CBSearchHeaderView.swift */ = {isa = PBXFileReference; fileEncoding = 4; lastKnownFileType = sourcecode.swift; path = CBSearchHeaderView.swift; sourceTree = "<group>"; };
		DDFEB2A81D6561CE0082B0E6 /* search1.png */ = {isa = PBXFileReference; lastKnownFileType = image.png; path = search1.png; sourceTree = "<group>"; };
		DDFEB2AA1D6563130082B0E6 /* CBRedPacketCell.swift */ = {isa = PBXFileReference; fileEncoding = 4; lastKnownFileType = sourcecode.swift; path = CBRedPacketCell.swift; sourceTree = "<group>"; };
		DDFEB2AB1D6563130082B0E6 /* CBRedPacketCell.xib */ = {isa = PBXFileReference; fileEncoding = 4; lastKnownFileType = file.xib; path = CBRedPacketCell.xib; sourceTree = "<group>"; };
/* End PBXFileReference section */

/* Begin PBXFrameworksBuildPhase section */
		DDA343F21D6151B300F37F4B /* Frameworks */ = {
			isa = PBXFrameworksBuildPhase;
			buildActionMask = 2147483647;
			files = (
				8DBDE4CCBAC1680C99A47580 /* Pods_TestKitchen.framework in Frameworks */,
			);
			runOnlyForDeploymentPostprocessing = 0;
		};
		DDA344061D6151B300F37F4B /* Frameworks */ = {
			isa = PBXFrameworksBuildPhase;
			buildActionMask = 2147483647;
			files = (
			);
			runOnlyForDeploymentPostprocessing = 0;
		};
		DDA344111D6151B300F37F4B /* Frameworks */ = {
			isa = PBXFrameworksBuildPhase;
			buildActionMask = 2147483647;
			files = (
			);
			runOnlyForDeploymentPostprocessing = 0;
		};
/* End PBXFrameworksBuildPhase section */

/* Begin PBXGroup section */
		3909FB0BC9BAFEE79C597D60 /* Pods */ = {
			isa = PBXGroup;
			children = (
				4F08351057C15878560168E2 /* Pods-TestKitchen.debug.xcconfig */,
				860521ED5031170EC802D83A /* Pods-TestKitchen.release.xcconfig */,
			);
			name = Pods;
			sourceTree = "<group>";
		};
		DD1251A31D62B9BE00159994 /* nav */ = {
			isa = PBXGroup;
			children = (
				DDFEB2A81D6561CE0082B0E6 /* search1.png */,
				DD1251A41D62B9BE00159994 /* nav_back_black.png */,
				DD1251A51D62B9BE00159994 /* nav_back_white.png */,
				DD1251A61D62B9BE00159994 /* navBar.png */,
				DD1251A71D62B9BE00159994 /* navBtn_bag.png */,
				DD1251A81D62B9BE00159994 /* saoyisao@2x.png */,
				DD1251A91D62B9BE00159994 /* saoyisao@3x.png */,
				DD1251AA1D62B9BE00159994 /* search@2x.png */,
				DD1251AB1D62B9BE00159994 /* search@3x.png */,
			);
			path = nav;
			sourceTree = "<group>";
		};
		DD1251B41D62BA0400159994 /* tarBar */ = {
			isa = PBXGroup;
			children = (
				DD1251B51D62BA0400159994 /* community_normal@2x.png */,
				DD1251B61D62BA0400159994 /* community_normal@3x.png */,
				DD1251B71D62BA0400159994 /* community_select@2x.png */,
				DD1251B81D62BA0400159994 /* community_select@3x.png */,
				DD1251B91D62BA0400159994 /* home_normal@2x.png */,
				DD1251BA1D62BA0400159994 /* home_normal@3x.png */,
				DD1251BB1D62BA0400159994 /* home_select@2x.png */,
				DD1251BC1D62BA0400159994 /* home_select@3x.png */,
				DD1251BD1D62BA0400159994 /* mine_normal@2x.png */,
				DD1251BE1D62BA0400159994 /* mine_normal@3x.png */,
				DD1251BF1D62BA0400159994 /* mine_select@2x.png */,
				DD1251C01D62BA0400159994 /* mine_select@3x.png */,
				DD1251C11D62BA0400159994 /* report_normal@2x.png */,
				DD1251C21D62BA0400159994 /* report_normal@3x.png */,
				DD1251C31D62BA0400159994 /* report_select@2x.png */,
				DD1251C41D62BA0400159994 /* report_select@3x.png */,
				DD1251C51D62BA0400159994 /* shike_normal@2x.png */,
				DD1251C61D62BA0400159994 /* shike_normal@3x.png */,
				DD1251C71D62BA0400159994 /* shike_select@2x.png */,
				DD1251C81D62BA0400159994 /* shike_select@3x.png */,
				DD1251C91D62BA0400159994 /* shop_normal@2x.png */,
				DD1251CA1D62BA0400159994 /* shop_normal@3x.png */,
				DD1251CB1D62BA0400159994 /* shop_select@2x.png */,
				DD1251CC1D62BA0400159994 /* shop_select@3x.png */,
			);
			path = tarBar;
			sourceTree = "<group>";
		};
		DD1251E81D62C60E00159994 /* recommend */ = {
			isa = PBXGroup;
			children = (
				DD1251E91D62C60E00159994 /* controller */,
				DD1251EA1D62C60E00159994 /* model */,
				DD1251EB1D62C60E00159994 /* view */,
			);
			path = recommend;
			sourceTree = "<group>";
		};
		DD1251E91D62C60E00159994 /* controller */ = {
			isa = PBXGroup;
			children = (
			);
			path = controller;
			sourceTree = "<group>";
		};
		DD1251EA1D62C60E00159994 /* model */ = {
			isa = PBXGroup;
			children = (
				DD1251EC1D62C65500159994 /* CBRecommendModel.swift */,
			);
			path = model;
			sourceTree = "<group>";
		};
		DD1251EB1D62C60E00159994 /* view */ = {
			isa = PBXGroup;
			children = (
				DDF9425C1D63FBA400EFA3E2 /* CBRecommendView.swift */,
				DDF9425E1D63FF3600EFA3E2 /* CBRecommendADCell.swift */,
				DDF9425F1D63FF3600EFA3E2 /* CBRecommendADCell.xib */,
				DDF942671D64175300EFA3E2 /* CBRecommendLikeCell.swift */,
				DDF942681D64175300EFA3E2 /* CBRecommendLikeCell.xib */,
				DDFEB2A61D655ADD0082B0E6 /* CBSearchHeaderView.swift */,
				DDFEB2AA1D6563130082B0E6 /* CBRedPacketCell.swift */,
				DDFEB2AB1D6563130082B0E6 /* CBRedPacketCell.xib */,
				DDCD3ABE1D66943D00749E45 /* CBRecommendNewCell.swift */,
				DDCD3ABF1D66943D00749E45 /* CBRecommendNewCell.xib */,
				DDCD3AC81D66AAF700749E45 /* CBHeadView.swift */,
				DDCD3ACC1D66B15D00749E45 /* CBSpecialCell.swift */,
				DDCD3ACD1D66B15D00749E45 /* CBSpecialCell.xib */,
			);
			path = view;
			sourceTree = "<group>";
		};
		DDA343EC1D6151B300F37F4B = {
			isa = PBXGroup;
			children = (
				DDA343F71D6151B300F37F4B /* TestKitchen */,
				DDA3440C1D6151B300F37F4B /* TestKitchenTests */,
				DDA344171D6151B300F37F4B /* TestKitchenUITests */,
				DDA343F61D6151B300F37F4B /* Products */,
				3909FB0BC9BAFEE79C597D60 /* Pods */,
				E67C53B9FD795DF8F6C15AF8 /* Frameworks */,
			);
			sourceTree = "<group>";
		};
		DDA343F61D6151B300F37F4B /* Products */ = {
			isa = PBXGroup;
			children = (
				DDA343F51D6151B300F37F4B /* TestKitchen.app */,
				DDA344091D6151B300F37F4B /* TestKitchenTests.xctest */,
				DDA344141D6151B300F37F4B /* TestKitchenUITests.xctest */,
			);
			name = Products;
			sourceTree = "<group>";
		};
		DDA343F71D6151B300F37F4B /* TestKitchen */ = {
			isa = PBXGroup;
			children = (
				DDA344261D6153EF00F37F4B /* classes */,
				DDA344421D6153EF00F37F4B /* resouces */,
				DDA343F81D6151B300F37F4B /* AppDelegate.swift */,
				DDA343FA1D6151B300F37F4B /* ViewController.swift */,
				DDA343FC1D6151B300F37F4B /* Main.storyboard */,
				DDA343FF1D6151B300F37F4B /* Assets.xcassets */,
				DDA344011D6151B300F37F4B /* LaunchScreen.storyboard */,
				DDA344041D6151B300F37F4B /* Info.plist */,
			);
			path = TestKitchen;
			sourceTree = "<group>";
		};
		DDA3440C1D6151B300F37F4B /* TestKitchenTests */ = {
			isa = PBXGroup;
			children = (
				DDA3440D1D6151B300F37F4B /* TestKitchenTests.swift */,
				DDA3440F1D6151B300F37F4B /* Info.plist */,
			);
			path = TestKitchenTests;
			sourceTree = "<group>";
		};
		DDA344171D6151B300F37F4B /* TestKitchenUITests */ = {
			isa = PBXGroup;
			children = (
				DDA344181D6151B300F37F4B /* TestKitchenUITests.swift */,
				DDA3441A1D6151B300F37F4B /* Info.plist */,
			);
			path = TestKitchenUITests;
			sourceTree = "<group>";
		};
		DDA344261D6153EF00F37F4B /* classes */ = {
			isa = PBXGroup;
			children = (
				DDA344271D6153EF00F37F4B /* common */,
				DDA344281D6153EF00F37F4B /* community */,
				DDA3442D1D6153EF00F37F4B /* cookbook */,
				DDA344321D6153EF00F37F4B /* foodclass */,
				DDA344371D6153EF00F37F4B /* mall */,
				DDA3443C1D6153EF00F37F4B /* profile */,
				DDA344411D6153EF00F37F4B /* thirdParty */,
			);
			path = classes;
			sourceTree = "<group>";
		};
		DDA344271D6153EF00F37F4B /* common */ = {
			isa = PBXGroup;
			children = (
				DDA344661D615A6F00F37F4B /* MainTabBarController.swift */,
				DDA344681D615ABC00F37F4B /* BaseViewController.swift */,
				DDA344741D61642100F37F4B /* Ctrl.json */,
				DD43CD661D61732200F68554 /* UIView+Util.swift */,
				DD43CD681D6173C900F68554 /* UILabel+Util.swift */,
				DD43CD6A1D61751F00F68554 /* UIButton+Util.swift */,
				DD12516F1D62A85500159994 /* Const.swift */,
				DD1251E51D62BD7C00159994 /* KTCDownloader.swift */,
				DDF942621D6407FD00EFA3E2 /* UIImageView+Utill.swift */,
				DDFEB2A41D654B990082B0E6 /* Util.swift */,
			);
			path = common;
			sourceTree = "<group>";
		};
		DDA344281D6153EF00F37F4B /* community */ = {
			isa = PBXGroup;
			children = (
				DDA344291D6153EF00F37F4B /* homePage */,
			);
			path = community;
			sourceTree = "<group>";
		};
		DDA344291D6153EF00F37F4B /* homePage */ = {
			isa = PBXGroup;
			children = (
				DDA3442A1D6153EF00F37F4B /* controller */,
				DDA3442B1D6153EF00F37F4B /* model */,
				DDA3442C1D6153EF00F37F4B /* view */,
			);
			path = homePage;
			sourceTree = "<group>";
		};
		DDA3442A1D6153EF00F37F4B /* controller */ = {
			isa = PBXGroup;
			children = (
				DDA3446C1D615B4300F37F4B /* CommunityViewController.swift */,
			);
			path = controller;
			sourceTree = "<group>";
		};
		DDA3442B1D6153EF00F37F4B /* model */ = {
			isa = PBXGroup;
			children = (
			);
			path = model;
			sourceTree = "<group>";
		};
		DDA3442C1D6153EF00F37F4B /* view */ = {
			isa = PBXGroup;
			children = (
			);
			path = view;
			sourceTree = "<group>";
		};
		DDA3442D1D6153EF00F37F4B /* cookbook */ = {
			isa = PBXGroup;
			children = (
				DD1251E81D62C60E00159994 /* recommend */,
				DDA3442E1D6153EF00F37F4B /* homePage */,
			);
			path = cookbook;
			sourceTree = "<group>";
		};
		DDA3442E1D6153EF00F37F4B /* homePage */ = {
			isa = PBXGroup;
			children = (
				DDA3442F1D6153EF00F37F4B /* controller */,
				DDA344301D6153EF00F37F4B /* model */,
				DDA344311D6153EF00F37F4B /* view */,
			);
			path = homePage;
			sourceTree = "<group>";
		};
		DDA3442F1D6153EF00F37F4B /* controller */ = {
			isa = PBXGroup;
			children = (
				DDA3446A1D615B0500F37F4B /* CookbookViewController.swift */,
			);
			path = controller;
			sourceTree = "<group>";
		};
		DDA344301D6153EF00F37F4B /* model */ = {
			isa = PBXGroup;
			children = (
			);
			path = model;
			sourceTree = "<group>";
		};
		DDA344311D6153EF00F37F4B /* view */ = {
			isa = PBXGroup;
			children = (
			);
			path = view;
			sourceTree = "<group>";
		};
		DDA344321D6153EF00F37F4B /* foodclass */ = {
			isa = PBXGroup;
			children = (
				DDA344331D6153EF00F37F4B /* homePage */,
			);
			path = foodclass;
			sourceTree = "<group>";
		};
		DDA344331D6153EF00F37F4B /* homePage */ = {
			isa = PBXGroup;
			children = (
				DDA344341D6153EF00F37F4B /* controller */,
				DDA344351D6153EF00F37F4B /* model */,
				DDA344361D6153EF00F37F4B /* view */,
			);
			path = homePage;
			sourceTree = "<group>";
		};
		DDA344341D6153EF00F37F4B /* controller */ = {
			isa = PBXGroup;
			children = (
				DDA344701D615B6A00F37F4B /* FoodClassViewController.swift */,
			);
			path = controller;
			sourceTree = "<group>";
		};
		DDA344351D6153EF00F37F4B /* model */ = {
			isa = PBXGroup;
			children = (
			);
			path = model;
			sourceTree = "<group>";
		};
		DDA344361D6153EF00F37F4B /* view */ = {
			isa = PBXGroup;
			children = (
			);
			path = view;
			sourceTree = "<group>";
		};
		DDA344371D6153EF00F37F4B /* mall */ = {
			isa = PBXGroup;
			children = (
				DDA344381D6153EF00F37F4B /* homePage */,
			);
			path = mall;
			sourceTree = "<group>";
		};
		DDA344381D6153EF00F37F4B /* homePage */ = {
			isa = PBXGroup;
			children = (
				DDA344391D6153EF00F37F4B /* controller */,
				DDA3443A1D6153EF00F37F4B /* model */,
				DDA3443B1D6153EF00F37F4B /* view */,
			);
			path = homePage;
			sourceTree = "<group>";
		};
		DDA344391D6153EF00F37F4B /* controller */ = {
			isa = PBXGroup;
			children = (
				DDA3446E1D615B5300F37F4B /* MallViewController.swift */,
			);
			path = controller;
			sourceTree = "<group>";
		};
		DDA3443A1D6153EF00F37F4B /* model */ = {
			isa = PBXGroup;
			children = (
			);
			path = model;
			sourceTree = "<group>";
		};
		DDA3443B1D6153EF00F37F4B /* view */ = {
			isa = PBXGroup;
			children = (
			);
			path = view;
			sourceTree = "<group>";
		};
		DDA3443C1D6153EF00F37F4B /* profile */ = {
			isa = PBXGroup;
			children = (
				DDA3443D1D6153EF00F37F4B /* homePage */,
			);
			path = profile;
			sourceTree = "<group>";
		};
		DDA3443D1D6153EF00F37F4B /* homePage */ = {
			isa = PBXGroup;
			children = (
				DDA3443E1D6153EF00F37F4B /* controller */,
				DDA3443F1D6153EF00F37F4B /* model */,
				DDA344401D6153EF00F37F4B /* view */,
			);
			path = homePage;
			sourceTree = "<group>";
		};
		DDA3443E1D6153EF00F37F4B /* controller */ = {
			isa = PBXGroup;
			children = (
				DDA344721D615B8300F37F4B /* ProfileViewController.swift */,
			);
			path = controller;
			sourceTree = "<group>";
		};
		DDA3443F1D6153EF00F37F4B /* model */ = {
			isa = PBXGroup;
			children = (
			);
			path = model;
			sourceTree = "<group>";
		};
		DDA344401D6153EF00F37F4B /* view */ = {
			isa = PBXGroup;
			children = (
			);
			path = view;
			sourceTree = "<group>";
		};
		DDA344411D6153EF00F37F4B /* thirdParty */ = {
			isa = PBXGroup;
			children = (
			);
			path = thirdParty;
			sourceTree = "<group>";
		};
		DDA344421D6153EF00F37F4B /* resouces */ = {
			isa = PBXGroup;
			children = (
				DDCD3AC21D66995E00749E45 /* cookBook */,
				DDF942641D640A1B00EFA3E2 /* common */,
				DD1251B41D62BA0400159994 /* tarBar */,
				DD1251A31D62B9BE00159994 /* nav */,
				DDA3445B1D61563600F37F4B /* launchImage */,
				DDA344431D6154B900F37F4B /* appItem */,
			);
			path = resouces;
			sourceTree = "<group>";
		};
		DDA344431D6154B900F37F4B /* appItem */ = {
			isa = PBXGroup;
			children = (
				DDA344441D6154CF00F37F4B /* AppIcon29x29@2x.png */,
				DDA344451D6154CF00F37F4B /* AppIcon29x29@3x.png */,
				DDA344461D6154CF00F37F4B /* AppIcon40x40@2x.png */,
				DDA344471D6154CF00F37F4B /* AppIcon40x40@3x.png */,
				DDA344481D6154CF00F37F4B /* AppIcon60x60@2x.png */,
				DDA344491D6154CF00F37F4B /* AppIcon60x60@3x.png */,
			);
			path = appItem;
			sourceTree = "<group>";
		};
		DDA3445B1D61563600F37F4B /* launchImage */ = {
			isa = PBXGroup;
			children = (
				DDA3445C1D61564800F37F4B /* LaunchImage-700-568h@2x.png */,
				DDA3445D1D61564800F37F4B /* LaunchImage-700@2x.png */,
				DDA3445E1D61564800F37F4B /* LaunchImage-800-667h@2x.png */,
				DDA3445F1D61564800F37F4B /* LaunchImage-800-Landscape-736h@3x.png */,
				DDA344601D61564800F37F4B /* LaunchImage-800-Portrait-736h@3x.png */,
			);
			path = launchImage;
			sourceTree = "<group>";
		};
		DDCD3AC21D66995E00749E45 /* cookBook */ = {
			isa = PBXGroup;
			children = (
				DDCD3AC31D66995E00749E45 /* homePage */,
			);
			path = cookBook;
			sourceTree = "<group>";
		};
		DDCD3AC31D66995E00749E45 /* homePage */ = {
			isa = PBXGroup;
			children = (
				DDCD3ACA1D66ADDA00749E45 /* more_icon.png */,
				DDCD3AC41D66995E00749E45 /* play-A@2x.png */,
				DDCD3AC51D66995E00749E45 /* play-A@3x.png */,
			);
			path = homePage;
			sourceTree = "<group>";
		};
		DDF942641D640A1B00EFA3E2 /* common */ = {
			isa = PBXGroup;
			children = (
				DDF942651D640A1B00EFA3E2 /* sdefaultImage.png */,
			);
			path = common;
			sourceTree = "<group>";
		};
		E67C53B9FD795DF8F6C15AF8 /* Frameworks */ = {
			isa = PBXGroup;
			children = (
				74E26A2AB2EBE6B3CCD36A26 /* Pods_TestKitchen.framework */,
			);
			name = Frameworks;
			sourceTree = "<group>";
		};
/* End PBXGroup section */

/* Begin PBXNativeTarget section */
		DDA343F41D6151B300F37F4B /* TestKitchen */ = {
			isa = PBXNativeTarget;
			buildConfigurationList = DDA3441D1D6151B300F37F4B /* Build configuration list for PBXNativeTarget "TestKitchen" */;
			buildPhases = (
				AF463FAF4A4BD5A1A49E21CC /* [CP] Check Pods Manifest.lock */,
				DDA343F11D6151B300F37F4B /* Sources */,
				DDA343F21D6151B300F37F4B /* Frameworks */,
				DDA343F31D6151B300F37F4B /* Resources */,
				C1421A55B8C949BD3626E140 /* [CP] Embed Pods Frameworks */,
				B9B89164D460A3A102FA6FA2 /* [CP] Copy Pods Resources */,
			);
			buildRules = (
			);
			dependencies = (
			);
			name = TestKitchen;
			productName = TestKitchen;
			productReference = DDA343F51D6151B300F37F4B /* TestKitchen.app */;
			productType = "com.apple.product-type.application";
		};
		DDA344081D6151B300F37F4B /* TestKitchenTests */ = {
			isa = PBXNativeTarget;
			buildConfigurationList = DDA344201D6151B300F37F4B /* Build configuration list for PBXNativeTarget "TestKitchenTests" */;
			buildPhases = (
				DDA344051D6151B300F37F4B /* Sources */,
				DDA344061D6151B300F37F4B /* Frameworks */,
				DDA344071D6151B300F37F4B /* Resources */,
			);
			buildRules = (
			);
			dependencies = (
				DDA3440B1D6151B300F37F4B /* PBXTargetDependency */,
			);
			name = TestKitchenTests;
			productName = TestKitchenTests;
			productReference = DDA344091D6151B300F37F4B /* TestKitchenTests.xctest */;
			productType = "com.apple.product-type.bundle.unit-test";
		};
		DDA344131D6151B300F37F4B /* TestKitchenUITests */ = {
			isa = PBXNativeTarget;
			buildConfigurationList = DDA344231D6151B300F37F4B /* Build configuration list for PBXNativeTarget "TestKitchenUITests" */;
			buildPhases = (
				DDA344101D6151B300F37F4B /* Sources */,
				DDA344111D6151B300F37F4B /* Frameworks */,
				DDA344121D6151B300F37F4B /* Resources */,
			);
			buildRules = (
			);
			dependencies = (
				DDA344161D6151B300F37F4B /* PBXTargetDependency */,
			);
			name = TestKitchenUITests;
			productName = TestKitchenUITests;
			productReference = DDA344141D6151B300F37F4B /* TestKitchenUITests.xctest */;
			productType = "com.apple.product-type.bundle.ui-testing";
		};
/* End PBXNativeTarget section */

/* Begin PBXProject section */
		DDA343ED1D6151B300F37F4B /* Project object */ = {
			isa = PBXProject;
			attributes = {
				LastSwiftUpdateCheck = 0730;
				LastUpgradeCheck = 0730;
				ORGANIZATIONNAME = liuguyang;
				TargetAttributes = {
					DDA343F41D6151B300F37F4B = {
						CreatedOnToolsVersion = 7.3.1;
					};
					DDA344081D6151B300F37F4B = {
						CreatedOnToolsVersion = 7.3.1;
						TestTargetID = DDA343F41D6151B300F37F4B;
					};
					DDA344131D6151B300F37F4B = {
						CreatedOnToolsVersion = 7.3.1;
						TestTargetID = DDA343F41D6151B300F37F4B;
					};
				};
			};
			buildConfigurationList = DDA343F01D6151B300F37F4B /* Build configuration list for PBXProject "TestKitchen" */;
			compatibilityVersion = "Xcode 3.2";
			developmentRegion = English;
			hasScannedForEncodings = 0;
			knownRegions = (
				en,
				Base,
			);
			mainGroup = DDA343EC1D6151B300F37F4B;
			productRefGroup = DDA343F61D6151B300F37F4B /* Products */;
			projectDirPath = "";
			projectRoot = "";
			targets = (
				DDA343F41D6151B300F37F4B /* TestKitchen */,
				DDA344081D6151B300F37F4B /* TestKitchenTests */,
				DDA344131D6151B300F37F4B /* TestKitchenUITests */,
			);
		};
/* End PBXProject section */

/* Begin PBXResourcesBuildPhase section */
		DDA343F31D6151B300F37F4B /* Resources */ = {
			isa = PBXResourcesBuildPhase;
			buildActionMask = 2147483647;
			files = (
				DD1251D51D62BA0400159994 /* mine_normal@2x.png in Resources */,
				DDA3444C1D6154CF00F37F4B /* AppIcon40x40@2x.png in Resources */,
				DD1251B31D62B9BE00159994 /* search@3x.png in Resources */,
				DDA3444A1D6154CF00F37F4B /* AppIcon29x29@2x.png in Resources */,
				DDF9426A1D64175300EFA3E2 /* CBRecommendLikeCell.xib in Resources */,
				DD1251E41D62BA0400159994 /* shop_select@3x.png in Resources */,
				DDCD3AC61D66995E00749E45 /* play-A@2x.png in Resources */,
				DD1251E31D62BA0400159994 /* shop_select@2x.png in Resources */,
				DD1251D41D62BA0400159994 /* home_select@3x.png in Resources */,
				DDFEB2AD1D6563130082B0E6 /* CBRedPacketCell.xib in Resources */,
				DDA344641D61564800F37F4B /* LaunchImage-800-Landscape-736h@3x.png in Resources */,
				DDA344621D61564800F37F4B /* LaunchImage-700@2x.png in Resources */,
				DD1251DC1D62BA0400159994 /* report_select@3x.png in Resources */,
				DD1251DE1D62BA0400159994 /* shike_normal@3x.png in Resources */,
				DD1251DA1D62BA0400159994 /* report_normal@3x.png in Resources */,
				DDA3444D1D6154CF00F37F4B /* AppIcon40x40@3x.png in Resources */,
				DDA344031D6151B300F37F4B /* LaunchScreen.storyboard in Resources */,
				DD1251E01D62BA0400159994 /* shike_select@3x.png in Resources */,
				DD1251AC1D62B9BE00159994 /* nav_back_black.png in Resources */,
				DD1251AD1D62B9BE00159994 /* nav_back_white.png in Resources */,
				DD1251CD1D62BA0400159994 /* community_normal@2x.png in Resources */,
				DD1251B01D62B9BE00159994 /* saoyisao@2x.png in Resources */,
				DDA344651D61564800F37F4B /* LaunchImage-800-Portrait-736h@3x.png in Resources */,
				DDA344001D6151B300F37F4B /* Assets.xcassets in Resources */,
				DDA343FE1D6151B300F37F4B /* Main.storyboard in Resources */,
				DD1251B21D62B9BE00159994 /* search@2x.png in Resources */,
				DD1251E11D62BA0400159994 /* shop_normal@2x.png in Resources */,
				DDCD3AC71D66995E00749E45 /* play-A@3x.png in Resources */,
				DDA344631D61564800F37F4B /* LaunchImage-800-667h@2x.png in Resources */,
				DD1251CF1D62BA0400159994 /* community_select@2x.png in Resources */,
				DD1251AF1D62B9BE00159994 /* navBtn_bag.png in Resources */,
				DDCD3AC11D66943D00749E45 /* CBRecommendNewCell.xib in Resources */,
				DDA344611D61564800F37F4B /* LaunchImage-700-568h@2x.png in Resources */,
				DD1251B11D62B9BE00159994 /* saoyisao@3x.png in Resources */,
				DDFEB2A91D6561CE0082B0E6 /* search1.png in Resources */,
				DDCD3ACB1D66ADDA00749E45 /* more_icon.png in Resources */,
				DD1251E21D62BA0400159994 /* shop_normal@3x.png in Resources */,
				DD1251AE1D62B9BE00159994 /* navBar.png in Resources */,
				DD1251D81D62BA0400159994 /* mine_select@3x.png in Resources */,
				DD1251D61D62BA0400159994 /* mine_normal@3x.png in Resources */,
				DD1251D91D62BA0400159994 /* report_normal@2x.png in Resources */,
				DDA3444E1D6154CF00F37F4B /* AppIcon60x60@2x.png in Resources */,
				DDA3444F1D6154CF00F37F4B /* AppIcon60x60@3x.png in Resources */,
				DDCD3ACF1D66B15D00749E45 /* CBSpecialCell.xib in Resources */,
				DDA344751D61642100F37F4B /* Ctrl.json in Resources */,
				DD1251D71D62BA0400159994 /* mine_select@2x.png in Resources */,
				DDF942661D640A1B00EFA3E2 /* sdefaultImage.png in Resources */,
				DD1251D11D62BA0400159994 /* home_normal@2x.png in Resources */,
				DD1251DB1D62BA0400159994 /* report_select@2x.png in Resources */,
				DD1251CE1D62BA0400159994 /* community_normal@3x.png in Resources */,
				DD1251D01D62BA0400159994 /* community_select@3x.png in Resources */,
				DDF942611D63FF3600EFA3E2 /* CBRecommendADCell.xib in Resources */,
				DD1251DD1D62BA0400159994 /* shike_normal@2x.png in Resources */,
				DD1251D31D62BA0400159994 /* home_select@2x.png in Resources */,
				DD1251D21D62BA0400159994 /* home_normal@3x.png in Resources */,
				DDA3444B1D6154CF00F37F4B /* AppIcon29x29@3x.png in Resources */,
				DD1251DF1D62BA0400159994 /* shike_select@2x.png in Resources */,
			);
			runOnlyForDeploymentPostprocessing = 0;
		};
		DDA344071D6151B300F37F4B /* Resources */ = {
			isa = PBXResourcesBuildPhase;
			buildActionMask = 2147483647;
			files = (
			);
			runOnlyForDeploymentPostprocessing = 0;
		};
		DDA344121D6151B300F37F4B /* Resources */ = {
			isa = PBXResourcesBuildPhase;
			buildActionMask = 2147483647;
			files = (
			);
			runOnlyForDeploymentPostprocessing = 0;
		};
/* End PBXResourcesBuildPhase section */

/* Begin PBXShellScriptBuildPhase section */
		AF463FAF4A4BD5A1A49E21CC /* [CP] Check Pods Manifest.lock */ = {
			isa = PBXShellScriptBuildPhase;
			buildActionMask = 2147483647;
			files = (
			);
			inputPaths = (
			);
			name = "[CP] Check Pods Manifest.lock";
			outputPaths = (
			);
			runOnlyForDeploymentPostprocessing = 0;
			shellPath = /bin/sh;
			shellScript = "diff \"${PODS_ROOT}/../Podfile.lock\" \"${PODS_ROOT}/Manifest.lock\" > /dev/null\nif [[ $? != 0 ]] ; then\n    cat << EOM\nerror: The sandbox is not in sync with the Podfile.lock. Run 'pod install' or update your CocoaPods installation.\nEOM\n    exit 1\nfi\n";
			showEnvVarsInLog = 0;
		};
		B9B89164D460A3A102FA6FA2 /* [CP] Copy Pods Resources */ = {
			isa = PBXShellScriptBuildPhase;
			buildActionMask = 2147483647;
			files = (
			);
			inputPaths = (
			);
			name = "[CP] Copy Pods Resources";
			outputPaths = (
			);
			runOnlyForDeploymentPostprocessing = 0;
			shellPath = /bin/sh;
			shellScript = "\"${SRCROOT}/Pods/Target Support Files/Pods-TestKitchen/Pods-TestKitchen-resources.sh\"\n";
			showEnvVarsInLog = 0;
		};
		C1421A55B8C949BD3626E140 /* [CP] Embed Pods Frameworks */ = {
			isa = PBXShellScriptBuildPhase;
			buildActionMask = 2147483647;
			files = (
			);
			inputPaths = (
			);
			name = "[CP] Embed Pods Frameworks";
			outputPaths = (
			);
			runOnlyForDeploymentPostprocessing = 0;
			shellPath = /bin/sh;
			shellScript = "\"${SRCROOT}/Pods/Target Support Files/Pods-TestKitchen/Pods-TestKitchen-frameworks.sh\"\n";
			showEnvVarsInLog = 0;
		};
/* End PBXShellScriptBuildPhase section */

/* Begin PBXSourcesBuildPhase section */
		DDA343F11D6151B300F37F4B /* Sources */ = {
			isa = PBXSourcesBuildPhase;
			buildActionMask = 2147483647;
			files = (
				DDA343FB1D6151B300F37F4B /* ViewController.swift in Sources */,
				DDCD3AC01D66943D00749E45 /* CBRecommendNewCell.swift in Sources */,
				DDA344691D615ABC00F37F4B /* BaseViewController.swift in Sources */,
				DDFEB2A71D655ADD0082B0E6 /* CBSearchHeaderView.swift in Sources */,
				DDA3446D1D615B4300F37F4B /* CommunityViewController.swift in Sources */,
				DDF942631D6407FD00EFA3E2 /* UIImageView+Utill.swift in Sources */,
				DDF942691D64175300EFA3E2 /* CBRecommendLikeCell.swift in Sources */,
				DDCD3ACE1D66B15D00749E45 /* CBSpecialCell.swift in Sources */,
				DDA343F91D6151B300F37F4B /* AppDelegate.swift in Sources */,
				DDA3446F1D615B5300F37F4B /* MallViewController.swift in Sources */,
				DDFEB2AC1D6563130082B0E6 /* CBRedPacketCell.swift in Sources */,
				DDFEB2A51D654B990082B0E6 /* Util.swift in Sources */,
				DD43CD6B1D61751F00F68554 /* UIButton+Util.swift in Sources */,
				DDA344711D615B6A00F37F4B /* FoodClassViewController.swift in Sources */,
				DD43CD671D61732200F68554 /* UIView+Util.swift in Sources */,
				DDA344731D615B8300F37F4B /* ProfileViewController.swift in Sources */,
				DDA344671D615A6F00F37F4B /* MainTabBarController.swift in Sources */,
				DDF9425D1D63FBA400EFA3E2 /* CBRecommendView.swift in Sources */,
				DDA3446B1D615B0500F37F4B /* CookbookViewController.swift in Sources */,
				DD1251E61D62BD7C00159994 /* KTCDownloader.swift in Sources */,
				DD43CD691D6173C900F68554 /* UILabel+Util.swift in Sources */,
				DDF942601D63FF3600EFA3E2 /* CBRecommendADCell.swift in Sources */,
				DDCD3AC91D66AAF700749E45 /* CBHeadView.swift in Sources */,
				DD1251701D62A85500159994 /* Const.swift in Sources */,
				DD1251ED1D62C65500159994 /* CBRecommendModel.swift in Sources */,
			);
			runOnlyForDeploymentPostprocessing = 0;
		};
		DDA344051D6151B300F37F4B /* Sources */ = {
			isa = PBXSourcesBuildPhase;
			buildActionMask = 2147483647;
			files = (
				DDA3440E1D6151B300F37F4B /* TestKitchenTests.swift in Sources */,
			);
			runOnlyForDeploymentPostprocessing = 0;
		};
		DDA344101D6151B300F37F4B /* Sources */ = {
			isa = PBXSourcesBuildPhase;
			buildActionMask = 2147483647;
			files = (
				DDA344191D6151B300F37F4B /* TestKitchenUITests.swift in Sources */,
			);
			runOnlyForDeploymentPostprocessing = 0;
		};
/* End PBXSourcesBuildPhase section */

/* Begin PBXTargetDependency section */
		DDA3440B1D6151B300F37F4B /* PBXTargetDependency */ = {
			isa = PBXTargetDependency;
			target = DDA343F41D6151B300F37F4B /* TestKitchen */;
			targetProxy = DDA3440A1D6151B300F37F4B /* PBXContainerItemProxy */;
		};
		DDA344161D6151B300F37F4B /* PBXTargetDependency */ = {
			isa = PBXTargetDependency;
			target = DDA343F41D6151B300F37F4B /* TestKitchen */;
			targetProxy = DDA344151D6151B300F37F4B /* PBXContainerItemProxy */;
		};
/* End PBXTargetDependency section */

/* Begin PBXVariantGroup section */
		DDA343FC1D6151B300F37F4B /* Main.storyboard */ = {
			isa = PBXVariantGroup;
			children = (
				DDA343FD1D6151B300F37F4B /* Base */,
			);
			name = Main.storyboard;
			sourceTree = "<group>";
		};
		DDA344011D6151B300F37F4B /* LaunchScreen.storyboard */ = {
			isa = PBXVariantGroup;
			children = (
				DDA344021D6151B300F37F4B /* Base */,
			);
			name = LaunchScreen.storyboard;
			sourceTree = "<group>";
		};
/* End PBXVariantGroup section */

/* Begin XCBuildConfiguration section */
		DDA3441B1D6151B300F37F4B /* Debug */ = {
			isa = XCBuildConfiguration;
			buildSettings = {
				ALWAYS_SEARCH_USER_PATHS = NO;
				CLANG_ANALYZER_NONNULL = YES;
				CLANG_CXX_LANGUAGE_STANDARD = "gnu++0x";
				CLANG_CXX_LIBRARY = "libc++";
				CLANG_ENABLE_MODULES = YES;
				CLANG_ENABLE_OBJC_ARC = YES;
				CLANG_WARN_BOOL_CONVERSION = YES;
				CLANG_WARN_CONSTANT_CONVERSION = YES;
				CLANG_WARN_DIRECT_OBJC_ISA_USAGE = YES_ERROR;
				CLANG_WARN_EMPTY_BODY = YES;
				CLANG_WARN_ENUM_CONVERSION = YES;
				CLANG_WARN_INT_CONVERSION = YES;
				CLANG_WARN_OBJC_ROOT_CLASS = YES_ERROR;
				CLANG_WARN_UNREACHABLE_CODE = YES;
				CLANG_WARN__DUPLICATE_METHOD_MATCH = YES;
				"CODE_SIGN_IDENTITY[sdk=iphoneos*]" = "iPhone Developer";
				COPY_PHASE_STRIP = NO;
				DEBUG_INFORMATION_FORMAT = dwarf;
				ENABLE_STRICT_OBJC_MSGSEND = YES;
				ENABLE_TESTABILITY = YES;
				GCC_C_LANGUAGE_STANDARD = gnu99;
				GCC_DYNAMIC_NO_PIC = NO;
				GCC_NO_COMMON_BLOCKS = YES;
				GCC_OPTIMIZATION_LEVEL = 0;
				GCC_PREPROCESSOR_DEFINITIONS = (
					"DEBUG=1",
					"$(inherited)",
				);
				GCC_WARN_64_TO_32_BIT_CONVERSION = YES;
				GCC_WARN_ABOUT_RETURN_TYPE = YES_ERROR;
				GCC_WARN_UNDECLARED_SELECTOR = YES;
				GCC_WARN_UNINITIALIZED_AUTOS = YES_AGGRESSIVE;
				GCC_WARN_UNUSED_FUNCTION = YES;
				GCC_WARN_UNUSED_VARIABLE = YES;
				IPHONEOS_DEPLOYMENT_TARGET = 9.3;
				MTL_ENABLE_DEBUG_INFO = YES;
				ONLY_ACTIVE_ARCH = YES;
				SDKROOT = iphoneos;
				SWIFT_OPTIMIZATION_LEVEL = "-Onone";
			};
			name = Debug;
		};
		DDA3441C1D6151B300F37F4B /* Release */ = {
			isa = XCBuildConfiguration;
			buildSettings = {
				ALWAYS_SEARCH_USER_PATHS = NO;
				CLANG_ANALYZER_NONNULL = YES;
				CLANG_CXX_LANGUAGE_STANDARD = "gnu++0x";
				CLANG_CXX_LIBRARY = "libc++";
				CLANG_ENABLE_MODULES = YES;
				CLANG_ENABLE_OBJC_ARC = YES;
				CLANG_WARN_BOOL_CONVERSION = YES;
				CLANG_WARN_CONSTANT_CONVERSION = YES;
				CLANG_WARN_DIRECT_OBJC_ISA_USAGE = YES_ERROR;
				CLANG_WARN_EMPTY_BODY = YES;
				CLANG_WARN_ENUM_CONVERSION = YES;
				CLANG_WARN_INT_CONVERSION = YES;
				CLANG_WARN_OBJC_ROOT_CLASS = YES_ERROR;
				CLANG_WARN_UNREACHABLE_CODE = YES;
				CLANG_WARN__DUPLICATE_METHOD_MATCH = YES;
				"CODE_SIGN_IDENTITY[sdk=iphoneos*]" = "iPhone Developer";
				COPY_PHASE_STRIP = NO;
				DEBUG_INFORMATION_FORMAT = "dwarf-with-dsym";
				ENABLE_NS_ASSERTIONS = NO;
				ENABLE_STRICT_OBJC_MSGSEND = YES;
				GCC_C_LANGUAGE_STANDARD = gnu99;
				GCC_NO_COMMON_BLOCKS = YES;
				GCC_WARN_64_TO_32_BIT_CONVERSION = YES;
				GCC_WARN_ABOUT_RETURN_TYPE = YES_ERROR;
				GCC_WARN_UNDECLARED_SELECTOR = YES;
				GCC_WARN_UNINITIALIZED_AUTOS = YES_AGGRESSIVE;
				GCC_WARN_UNUSED_FUNCTION = YES;
				GCC_WARN_UNUSED_VARIABLE = YES;
				IPHONEOS_DEPLOYMENT_TARGET = 9.3;
				MTL_ENABLE_DEBUG_INFO = NO;
				SDKROOT = iphoneos;
				VALIDATE_PRODUCT = YES;
			};
			name = Release;
		};
		DDA3441E1D6151B300F37F4B /* Debug */ = {
			isa = XCBuildConfiguration;
			baseConfigurationReference = 4F08351057C15878560168E2 /* Pods-TestKitchen.debug.xcconfig */;
			buildSettings = {
				ASSETCATALOG_COMPILER_APPICON_NAME = AppIcon;
				ASSETCATALOG_COMPILER_LAUNCHIMAGE_NAME = LaunchImage;
				INFOPLIST_FILE = TestKitchen/Info.plist;
				IPHONEOS_DEPLOYMENT_TARGET = 9.0;
				LD_RUNPATH_SEARCH_PATHS = "$(inherited) @executable_path/Frameworks";
				PRODUCT_BUNDLE_IDENTIFIER = cn.lgy93.TestKitchen;
				PRODUCT_NAME = "$(TARGET_NAME)";
			};
			name = Debug;
		};
		DDA3441F1D6151B300F37F4B /* Release */ = {
			isa = XCBuildConfiguration;
			baseConfigurationReference = 860521ED5031170EC802D83A /* Pods-TestKitchen.release.xcconfig */;
			buildSettings = {
				ASSETCATALOG_COMPILER_APPICON_NAME = AppIcon;
				ASSETCATALOG_COMPILER_LAUNCHIMAGE_NAME = LaunchImage;
				INFOPLIST_FILE = TestKitchen/Info.plist;
				IPHONEOS_DEPLOYMENT_TARGET = 9.0;
				LD_RUNPATH_SEARCH_PATHS = "$(inherited) @executable_path/Frameworks";
				PRODUCT_BUNDLE_IDENTIFIER = cn.lgy93.TestKitchen;
				PRODUCT_NAME = "$(TARGET_NAME)";
			};
			name = Release;
		};
		DDA344211D6151B300F37F4B /* Debug */ = {
			isa = XCBuildConfiguration;
			buildSettings = {
				BUNDLE_LOADER = "$(TEST_HOST)";
				INFOPLIST_FILE = TestKitchenTests/Info.plist;
				LD_RUNPATH_SEARCH_PATHS = "$(inherited) @executable_path/Frameworks @loader_path/Frameworks";
				PRODUCT_BUNDLE_IDENTIFIER = cn.lgy93.TestKitchenTests;
				PRODUCT_NAME = "$(TARGET_NAME)";
				TEST_HOST = "$(BUILT_PRODUCTS_DIR)/TestKitchen.app/TestKitchen";
			};
			name = Debug;
		};
		DDA344221D6151B300F37F4B /* Release */ = {
			isa = XCBuildConfiguration;
			buildSettings = {
				BUNDLE_LOADER = "$(TEST_HOST)";
				INFOPLIST_FILE = TestKitchenTests/Info.plist;
				LD_RUNPATH_SEARCH_PATHS = "$(inherited) @executable_path/Frameworks @loader_path/Frameworks";
				PRODUCT_BUNDLE_IDENTIFIER = cn.lgy93.TestKitchenTests;
				PRODUCT_NAME = "$(TARGET_NAME)";
				TEST_HOST = "$(BUILT_PRODUCTS_DIR)/TestKitchen.app/TestKitchen";
			};
			name = Release;
		};
		DDA344241D6151B300F37F4B /* Debug */ = {
			isa = XCBuildConfiguration;
			buildSettings = {
				INFOPLIST_FILE = TestKitchenUITests/Info.plist;
				LD_RUNPATH_SEARCH_PATHS = "$(inherited) @executable_path/Frameworks @loader_path/Frameworks";
				PRODUCT_BUNDLE_IDENTIFIER = cn.lgy93.TestKitchenUITests;
				PRODUCT_NAME = "$(TARGET_NAME)";
				TEST_TARGET_NAME = TestKitchen;
			};
			name = Debug;
		};
		DDA344251D6151B300F37F4B /* Release */ = {
			isa = XCBuildConfiguration;
			buildSettings = {
				INFOPLIST_FILE = TestKitchenUITests/Info.plist;
				LD_RUNPATH_SEARCH_PATHS = "$(inherited) @executable_path/Frameworks @loader_path/Frameworks";
				PRODUCT_BUNDLE_IDENTIFIER = cn.lgy93.TestKitchenUITests;
				PRODUCT_NAME = "$(TARGET_NAME)";
				TEST_TARGET_NAME = TestKitchen;
			};
			name = Release;
		};
/* End XCBuildConfiguration section */

/* Begin XCConfigurationList section */
		DDA343F01D6151B300F37F4B /* Build configuration list for PBXProject "TestKitchen" */ = {
			isa = XCConfigurationList;
			buildConfigurations = (
				DDA3441B1D6151B300F37F4B /* Debug */,
				DDA3441C1D6151B300F37F4B /* Release */,
			);
			defaultConfigurationIsVisible = 0;
			defaultConfigurationName = Release;
		};
		DDA3441D1D6151B300F37F4B /* Build configuration list for PBXNativeTarget "TestKitchen" */ = {
			isa = XCConfigurationList;
			buildConfigurations = (
				DDA3441E1D6151B300F37F4B /* Debug */,
				DDA3441F1D6151B300F37F4B /* Release */,
			);
			defaultConfigurationIsVisible = 0;
			defaultConfigurationName = Release;
		};
		DDA344201D6151B300F37F4B /* Build configuration list for PBXNativeTarget "TestKitchenTests" */ = {
			isa = XCConfigurationList;
			buildConfigurations = (
				DDA344211D6151B300F37F4B /* Debug */,
				DDA344221D6151B300F37F4B /* Release */,
			);
			defaultConfigurationIsVisible = 0;
			defaultConfigurationName = Release;
		};
		DDA344231D6151B300F37F4B /* Build configuration list for PBXNativeTarget "TestKitchenUITests" */ = {
			isa = XCConfigurationList;
			buildConfigurations = (
				DDA344241D6151B300F37F4B /* Debug */,
				DDA344251D6151B300F37F4B /* Release */,
			);
			defaultConfigurationIsVisible = 0;
			defaultConfigurationName = Release;
		};
/* End XCConfigurationList section */
	};
	rootObject = DDA343ED1D6151B300F37F4B /* Project object */;
}
